{
    "version": "0.0.0",
    "lockfileVersion": 1,
    "requires": true,
    "dependencies": {
        "@babel/helper-validator-identifier": {
            "version": "7.14.5",
            "resolved": "https://registry.nlark.com/@babel/helper-validator-identifier/download/@babel/helper-validator-identifier-7.14.5.tgz?cache=0&sync_timestamp=1623280293264&other_urls=https%3A%2F%2Fregistry.nlark.com%2F%40babel%2Fhelper-validator-identifier%2Fdownload%2F%40babel%2Fhelper-validator-identifier-7.14.5.tgz",
            "integrity": "sha1-0PDid8US4Mk4J3+qhaOWjJpEwOg="
        },
        "@babel/parser": {
            "version": "7.14.7",
            "resolved": "https://registry.nlark.com/@babel/parser/download/@babel/parser-7.14.7.tgz",
            "integrity": "sha1-YJlyDIg5yoZaJjfmyFhS6tC9tZU="
        },
        "@babel/types": {
            "version": "7.14.5",
            "resolved": "https://registry.nlark.com/@babel/types/download/@babel/types-7.14.5.tgz?cache=0&sync_timestamp=1623280355970&other_urls=https%3A%2F%2Fregistry.nlark.com%2F%40babel%2Ftypes%2Fdownload%2F%40babel%2Ftypes-7.14.5.tgz",
            "integrity": "sha1-O7mXuoKaIQTO2yBonEpbgSHTg/8=",
            "requires": {
                "@babel/helper-validator-identifier": "^7.14.5",
                "to-fast-properties": "^2.0.0"
            }
        },
        "@css-render/plugin-bem": {
            "version": "0.15.4",
            "resolved": "https://registry.nlark.com/@css-render/plugin-bem/download/@css-render/plugin-bem-0.15.4.tgz",
            "integrity": "sha1-wteeezc97VKD2j04t9sYXsXakEU=",
            "requires": {
                "css-render": "~0.15.4"
            }
        },
        "@css-render/vue3-ssr": {
            "version": "0.15.4",
            "resolved": "https://registry.nlark.com/@css-render/vue3-ssr/download/@css-render/vue3-ssr-0.15.4.tgz",
            "integrity": "sha1-rim8dvfrQIMNDs2Ahs43JqHG6OM="
        },
        "@emotion/hash": {
            "version": "0.8.0",
            "resolved": "https://registry.npm.taobao.org/@emotion/hash/download/@emotion/hash-0.8.0.tgz",
            "integrity": "sha1-u7/2iXj+/b5ozLUzvIy+HRr7VBM="
        },
        "@jest/types": {
            "version": "26.6.2",
            "resolved": "https://registry.nlark.com/@jest/types/download/@jest/types-26.6.2.tgz",
            "integrity": "sha1-vvWlMgMOHYii9abZM/hOlyJu1I4=",
            "requires": {
                "@types/istanbul-lib-coverage": "^2.0.0",
                "@types/istanbul-reports": "^3.0.0",
                "@types/node": "*",
                "@types/yargs": "^15.0.0",
                "chalk": "^4.0.0"
            }
        },
        "@types/codemirror": {
            "version": "0.0.109",
            "resolved": "https://registry.nlark.com/@types/codemirror/download/@types/codemirror-0.0.109.tgz",
            "integrity": "sha1-idV1/xx7RixMO4ZU+Ls45WIukDY=",
            "requires": {
                "@types/tern": "*"
            }
        },
        "@types/estree": {
            "version": "0.0.48",
            "resolved": "https://registry.nlark.com/@types/estree/download/@types/estree-0.0.48.tgz",
            "integrity": "sha1-GNyAkbKF35DbLyWqfZBs/DlLf3Q="
        },
        "@types/istanbul-lib-coverage": {
            "version": "2.0.3",
            "resolved": "https://registry.nlark.com/@types/istanbul-lib-coverage/download/@types/istanbul-lib-coverage-2.0.3.tgz",
            "integrity": "sha1-S6jdtyAiH0MuRDvV+RF/0iz9R2I="
        },
        "@types/istanbul-lib-report": {
            "version": "3.0.0",
            "resolved": "https://registry.nlark.com/@types/istanbul-lib-report/download/@types/istanbul-lib-report-3.0.0.tgz",
            "integrity": "sha1-wUwk8Y6oGQwRjudWK3/5mjZVJoY=",
            "requires": {
                "@types/istanbul-lib-coverage": "*"
            }
        },
        "@types/istanbul-reports": {
            "version": "3.0.1",
            "resolved": "https://registry.nlark.com/@types/istanbul-reports/download/@types/istanbul-reports-3.0.1.tgz",
            "integrity": "sha1-kVP+mLuivVZaY63ZQ21vDX+EaP8=",
            "requires": {
                "@types/istanbul-lib-report": "*"
            }
        },
        "@types/jest": {
            "version": "26.0.23",
            "resolved": "https://registry.nlark.com/@types/jest/download/@types/jest-26.0.23.tgz",
            "integrity": "sha1-obfqs8UDuARR0BnvtYjsY1Iu5Oc=",
            "requires": {
                "jest-diff": "^26.0.0",
                "pretty-format": "^26.0.0"
            }
        },
        "@types/lodash": {
            "version": "4.14.170",
            "resolved": "https://registry.nlark.com/@types/lodash/download/@types/lodash-4.14.170.tgz",
            "integrity": "sha1-DWdxHUv39MpRR+kJG4R0ebh5JdY="
        },
        "@types/lodash-es": {
            "version": "4.17.4",
            "resolved": "https://registry.nlark.com/@types/lodash-es/download/@types/lodash-es-4.17.4.tgz",
            "integrity": "sha1-suRA0r+Kk1hKn9eYRS7El5hsm5c=",
            "requires": {
                "@types/lodash": "*"
            }
        },
        "@types/marked": {
            "version": "2.0.3",
            "resolved": "https://registry.nlark.com/@types/marked/download/@types/marked-2.0.3.tgz?cache=0&sync_timestamp=1621677783353&other_urls=https%3A%2F%2Fregistry.nlark.com%2F%40types%2Fmarked%2Fdownload%2F%40types%2Fmarked-2.0.3.tgz",
            "integrity": "sha1-yOqTaE5TDMO2Z9PnImVW3QhErR8="
        },
        "@types/node": {
            "version": "14.14.45",
            "resolved": "https://registry.nlark.com/@types/node/download/@types/node-14.14.45.tgz",
            "integrity": "sha1-7C37VWb/gU0GGu9+FBV1rtuiRc8="
        },
        "@types/tern": {
            "version": "0.23.4",
            "resolved": "https://registry.nlark.com/@types/tern/download/@types/tern-0.23.4.tgz",
            "integrity": "sha1-A5JusT2+rzrg05DK9wayZDoBJ/s=",
            "requires": {
                "@types/estree": "*"
            }
        },
        "@types/yargs": {
            "version": "15.0.14",
            "resolved": "https://registry.nlark.com/@types/yargs/download/@types/yargs-15.0.14.tgz?cache=0&sync_timestamp=1625243752176&other_urls=https%3A%2F%2Fregistry.nlark.com%2F%40types%2Fyargs%2Fdownload%2F%40types%2Fyargs-15.0.14.tgz",
            "integrity": "sha1-Jtgh3biecEkhYLZtEKDrbfj2+wY=",
            "requires": {
                "@types/yargs-parser": "*"
            }
        },
        "@types/yargs-parser": {
            "version": "20.2.1",
            "resolved": "https://registry.nlark.com/@types/yargs-parser/download/@types/yargs-parser-20.2.1.tgz?cache=0&sync_timestamp=1625243778291&other_urls=https%3A%2F%2Fregistry.nlark.com%2F%40types%2Fyargs-parser%2Fdownload%2F%40types%2Fyargs-parser-20.2.1.tgz",
            "integrity": "sha1-O5ziSJkZ2eT+pDm3aRarw0st8Sk="
        },
        "@vicons/material": {
            "version": "0.10.0",
            "resolved": "https://registry.nlark.com/@vicons/material/download/@vicons/material-0.10.0.tgz",
            "integrity": "sha1-EhOhEfcpR2rAU/iDFVtpwtUmL0g="
        },
        "@vitejs/plugin-vue": {
            "version": "1.2.4",
            "resolved": "https://registry.nlark.com/@vitejs/plugin-vue/download/@vitejs/plugin-vue-1.2.4.tgz",
            "integrity": "sha1-p6puajHFVqi3gd5zAxbe7s9/VvI=",
            "dev": true
        },
        "@vue/compiler-core": {
            "version": "3.1.4",
            "resolved": "https://registry.nlark.com/@vue/compiler-core/download/@vue/compiler-core-3.1.4.tgz?cache=0&other_urls=https%3A%2F%2Fregistry.nlark.com%2F%40vue%2Fcompiler-core%2Fdownload%2F%40vue%2Fcompiler-core-3.1.4.tgz",
            "integrity": "sha1-o6dM9S6PAa84bTZKyKCZy+smBCQ=",
            "requires": {
                "@babel/parser": "^7.12.0",
                "@babel/types": "^7.12.0",
                "@vue/shared": "3.1.4",
                "estree-walker": "^2.0.1",
                "source-map": "^0.6.1"
            }
        },
        "@vue/compiler-dom": {
            "version": "3.1.4",
            "resolved": "https://registry.nlark.com/@vue/compiler-dom/download/@vue/compiler-dom-3.1.4.tgz?cache=0&other_urls=https%3A%2F%2Fregistry.nlark.com%2F%40vue%2Fcompiler-dom%2Fdownload%2F%40vue%2Fcompiler-dom-3.1.4.tgz",
            "integrity": "sha1-vzeV4USfMsll04xOptgIygX9/Jc=",
            "requires": {
                "@vue/compiler-core": "3.1.4",
                "@vue/shared": "3.1.4"
            }
        },
        "@vue/compiler-sfc": {
            "version": "3.1.4",
            "resolved": "https://registry.nlark.com/@vue/compiler-sfc/download/@vue/compiler-sfc-3.1.4.tgz",
            "integrity": "sha1-k+h9uVDgcRM5wYuqe7fSjTUi17w=",
            "dev": true,
            "requires": {
                "@babel/parser": "^7.13.9",
                "@babel/types": "^7.13.0",
                "@types/estree": "^0.0.48",
                "@vue/compiler-core": "3.1.4",
                "@vue/compiler-dom": "3.1.4",
                "@vue/compiler-ssr": "3.1.4",
                "@vue/shared": "3.1.4",
                "consolidate": "^0.16.0",
                "estree-walker": "^2.0.1",
                "hash-sum": "^2.0.0",
                "lru-cache": "^5.1.1",
                "magic-string": "^0.25.7",
                "merge-source-map": "^1.1.0",
                "postcss": "^8.1.10",
                "postcss-modules": "^4.0.0",
                "postcss-selector-parser": "^6.0.4",
                "source-map": "^0.6.1"
            }
        },
        "@vue/compiler-ssr": {
            "version": "3.1.4",
            "resolved": "https://registry.nlark.com/@vue/compiler-ssr/download/@vue/compiler-ssr-3.1.4.tgz",
            "integrity": "sha1-f26qxbGFH8FcgsCD6BeesSFrMDw=",
            "dev": true,
            "requires": {
                "@vue/compiler-dom": "3.1.4",
                "@vue/shared": "3.1.4"
            }
        },
        "@vue/devtools-api": {
            "version": "6.0.0-beta.15",
            "resolved": "https://registry.nlark.com/@vue/devtools-api/download/@vue/devtools-api-6.0.0-beta.15.tgz?cache=0&other_urls=https%3A%2F%2Fregistry.nlark.com%2F%40vue%2Fdevtools-api%2Fdownload%2F%40vue%2Fdevtools-api-6.0.0-beta.15.tgz",
            "integrity": "sha1-rXyzhOBi8WW8+cg3MhJb/7wq2D0="
        },
        "@vue/reactivity": {
            "version": "3.1.4",
            "resolved": "https://registry.nlark.com/@vue/reactivity/download/@vue/reactivity-3.1.4.tgz?cache=0&other_urls=https%3A%2F%2Fregistry.nlark.com%2F%40vue%2Freactivity%2Fdownload%2F%40vue%2Freactivity-3.1.4.tgz",
            "integrity": "sha1-2SbtRvsNSFgsz4ZlsGLTe101upk=",
            "requires": {
                "@vue/shared": "3.1.4"
            }
        },
        "@vue/runtime-core": {
            "version": "3.1.4",
            "resolved": "https://registry.nlark.com/@vue/runtime-core/download/@vue/runtime-core-3.1.4.tgz?cache=0&other_urls=https%3A%2F%2Fregistry.nlark.com%2F%40vue%2Fruntime-core%2Fdownload%2F%40vue%2Fruntime-core-3.1.4.tgz",
            "integrity": "sha1-PjCubsv/8G31rclBRJEUMZGjdbo=",
            "requires": {
                "@vue/reactivity": "3.1.4",
                "@vue/shared": "3.1.4"
            }
        },
        "@vue/runtime-dom": {
            "version": "3.1.4",
            "resolved": "https://registry.nlark.com/@vue/runtime-dom/download/@vue/runtime-dom-3.1.4.tgz",
            "integrity": "sha1-rP7uIA1cRfwsvfcFjNoUmPm0WEk=",
            "requires": {
                "@vue/runtime-core": "3.1.4",
                "@vue/shared": "3.1.4",
                "csstype": "^2.6.8"
            },
            "dependencies": {
                "csstype": {
                    "version": "2.6.17",
                    "resolved": "https://registry.nlark.com/csstype/download/csstype-2.6.17.tgz?cache=0&sync_timestamp=1618818466657&other_urls=https%3A%2F%2Fregistry.nlark.com%2Fcsstype%2Fdownload%2Fcsstype-2.6.17.tgz",
                    "integrity": "sha1-TPMOuH4dGgBdi2UQ+VKSQT9qHA4="
                }
            }
        },
        "@vue/shared": {
            "version": "3.1.4",
            "resolved": "https://registry.nlark.com/@vue/shared/download/@vue/shared-3.1.4.tgz",
            "integrity": "sha1-wUxGHsQuosFVbob2CwNUNB2RrcM="
        },
        "ansi-regex": {
            "version": "5.0.0",
            "resolved": "https://registry.nlark.com/ansi-regex/download/ansi-regex-5.0.0.tgz",
            "integrity": "sha1-OIU59VF5vzkznIGvMKZU1p+Hy3U="
        },
        "ansi-styles": {
            "version": "4.3.0",
            "resolved": "https://registry.nlark.com/ansi-styles/download/ansi-styles-4.3.0.tgz",
            "integrity": "sha1-7dgDYornHATIWuegkG7a00tkiTc=",
            "requires": {
                "color-convert": "^2.0.1"
            }
        },
        "async-validator": {
            "version": "3.5.2",
            "resolved": "https://registry.nlark.com/async-validator/download/async-validator-3.5.2.tgz",
            "integrity": "sha1-aOhmqWgk6LJpT/eoMcGiXETV5QA="
        },
        "autoprefixer": {
            "version": "10.2.6",
            "resolved": "https://registry.nlark.com/autoprefixer/download/autoprefixer-10.2.6.tgz?cache=0&sync_timestamp=1622039586788&other_urls=https%3A%2F%2Fregistry.nlark.com%2Fautoprefixer%2Fdownload%2Fautoprefixer-10.2.6.tgz",
            "integrity": "sha1-qt2ew04cmNQD4BlQA4BJ8OslKUk=",
            "dev": true,
            "requires": {
                "browserslist": "^4.16.6",
                "caniuse-lite": "^1.0.30001230",
                "colorette": "^1.2.2",
                "fraction.js": "^4.1.1",
                "normalize-range": "^0.1.2",
                "postcss-value-parser": "^4.1.0"
            }
        },
        "big.js": {
            "version": "5.2.2",
            "resolved": "https://registry.nlark.com/big.js/download/big.js-5.2.2.tgz",
            "integrity": "sha1-ZfCvOC9Xi83HQr2cKB6cstd2gyg=",
            "dev": true
        },
        "bluebird": {
            "version": "3.7.2",
            "resolved": "https://registry.nlark.com/bluebird/download/bluebird-3.7.2.tgz?cache=0&sync_timestamp=1618847007562&other_urls=https%3A%2F%2Fregistry.nlark.com%2Fbluebird%2Fdownload%2Fbluebird-3.7.2.tgz",
            "integrity": "sha1-nyKcFb4nJFT/qXOs4NvueaGww28=",
            "dev": true
        },
        "browserslist": {
            "version": "4.16.6",
            "resolved": "https://registry.nlark.com/browserslist/download/browserslist-4.16.6.tgz?cache=0&sync_timestamp=1619789101558&other_urls=https%3A%2F%2Fregistry.nlark.com%2Fbrowserslist%2Fdownload%2Fbrowserslist-4.16.6.tgz",
            "integrity": "sha1-15ASd6WojlVO0wWxg+ybDAj2b6I=",
            "dev": true,
            "requires": {
                "caniuse-lite": "^1.0.30001219",
                "colorette": "^1.2.2",
                "electron-to-chromium": "^1.3.723",
                "escalade": "^3.1.1",
                "node-releases": "^1.1.71"
            }
        },
        "caniuse-lite": {
            "version": "1.0.30001242",
            "resolved": "https://registry.nlark.com/caniuse-lite/download/caniuse-lite-1.0.30001242.tgz?cache=0&sync_timestamp=1625381765632&other_urls=https%3A%2F%2Fregistry.nlark.com%2Fcaniuse-lite%2Fdownload%2Fcaniuse-lite-1.0.30001242.tgz",
            "integrity": "sha1-BCAWJ6vNYNyJIR8iy+I0cwbNpGs=",
            "dev": true
        },
        "chalk": {
            "version": "4.1.1",
            "resolved": "https://registry.nlark.com/chalk/download/chalk-4.1.1.tgz?cache=0&sync_timestamp=1618995367379&other_urls=https%3A%2F%2Fregistry.nlark.com%2Fchalk%2Fdownload%2Fchalk-4.1.1.tgz",
            "integrity": "sha1-yAs/qyi/Y3HmhjMl7uZ+YYt35q0=",
            "requires": {
                "ansi-styles": "^4.1.0",
                "supports-color": "^7.1.0"
            }
        },
        "codemirror": {
            "version": "5.62.0",
            "resolved": "https://registry.nlark.com/codemirror/download/codemirror-5.62.0.tgz?cache=0&sync_timestamp=1624259681928&other_urls=https%3A%2F%2Fregistry.nlark.com%2Fcodemirror%2Fdownload%2Fcodemirror-5.62.0.tgz",
            "integrity": "sha1-6ezQEub56vLgX/SkSf91D1FhniI="
        },
        "codemirror-spell-checker": {
            "version": "1.1.2",
            "resolved": "https://registry.npm.taobao.org/codemirror-spell-checker/download/codemirror-spell-checker-1.1.2.tgz",
            "integrity": "sha1-HGYPkIlIPMtRE7m6nKGcP0mTNx4=",
            "requires": {
                "typo-js": "*"
            }
        },
        "color-convert": {
            "version": "2.0.1",
            "resolved": "https://registry.npm.taobao.org/color-convert/download/color-convert-2.0.1.tgz",
            "integrity": "sha1-ctOmjVmMm9s68q0ehPIdiWq9TeM=",
            "requires": {
                "color-name": "~1.1.4"
            }
        },
        "color-name": {
            "version": "1.1.4",
            "resolved": "https://registry.npm.taobao.org/color-name/download/color-name-1.1.4.tgz",
            "integrity": "sha1-wqCah6y95pVD3m9j+jmVyCbFNqI="
        },
        "colorette": {
            "version": "1.2.2",
            "resolved": "https://registry.nlark.com/colorette/download/colorette-1.2.2.tgz",
            "integrity": "sha1-y8x51emcrqLb8Q6zom/Ys+as+pQ=",
            "dev": true
        },
        "consolidate": {
            "version": "0.16.0",
            "resolved": "https://registry.npm.taobao.org/consolidate/download/consolidate-0.16.0.tgz?cache=0&sync_timestamp=1599596647062&other_urls=https%3A%2F%2Fregistry.npm.taobao.org%2Fconsolidate%2Fdownload%2Fconsolidate-0.16.0.tgz",
            "integrity": "sha1-oRhkdokw8vGUMWYKZZBmaPX73BY=",
            "dev": true,
            "requires": {
                "bluebird": "^3.7.2"
            }
        },
        "css-render": {
            "version": "0.15.4",
            "resolved": "https://registry.nlark.com/css-render/download/css-render-0.15.4.tgz",
            "integrity": "sha1-DA+ozdUiNgQeQX4xtzqD2kSXxtk=",
            "requires": {
                "@emotion/hash": "~0.8.0",
                "@types/node": "~14.14.31",
                "csstype": "~3.0.5"
            }
        },
        "cssesc": {
            "version": "3.0.0",
            "resolved": "https://registry.npm.taobao.org/cssesc/download/cssesc-3.0.0.tgz",
            "integrity": "sha1-N3QZGZA7hoVl4cCep0dEXNGJg+4=",
            "dev": true
        },
        "csstype": {
            "version": "3.0.8",
            "resolved": "https://registry.nlark.com/csstype/download/csstype-3.0.8.tgz?cache=0&sync_timestamp=1618818466657&other_urls=https%3A%2F%2Fregistry.nlark.com%2Fcsstype%2Fdownload%2Fcsstype-3.0.8.tgz",
            "integrity": "sha1-0iZqeScp+yJ80hb7Vy9Dco4a00A="
        },
        "date-fns": {
            "version": "2.22.1",
            "resolved": "https://registry.nlark.com/date-fns/download/date-fns-2.22.1.tgz",
            "integrity": "sha1-Hlr5WYMeux2CmSv2e3ZQUtjw78Q="
        },
        "diff-sequences": {
            "version": "26.6.2",
            "resolved": "https://registry.nlark.com/diff-sequences/download/diff-sequences-26.6.2.tgz",
            "integrity": "sha1-SLqZFX3hkjQS7tQdtrbUqpynwLE="
        },
        "easymde": {
            "version": "2.15.0",
            "resolved": "https://registry.nlark.com/easymde/download/easymde-2.15.0.tgz",
            "integrity": "sha1-c2Z8SHnYaHsHZR1iWe5lK7pdCwA=",
            "requires": {
                "@types/codemirror": "0.0.109",
                "@types/marked": "^2.0.2",
                "codemirror": "^5.61.0",
                "codemirror-spell-checker": "1.1.2",
                "marked": "^2.0.3"
            },
            "dependencies": {
                "marked": {
                    "version": "2.1.3",
                    "resolved": "https://registry.npmjs.org/marked/-/marked-2.1.3.tgz",
                    "integrity": "sha512-/Q+7MGzaETqifOMWYEA7HVMaZb4XbcRfaOzcSsHZEith83KGlvaSG33u0SKu89Mj5h+T8V2hM+8O45Qc5XTgwA=="
                }
            }
        },
        "electron-to-chromium": {
            "version": "1.3.766",
            "resolved": "https://registry.nlark.com/electron-to-chromium/download/electron-to-chromium-1.3.766.tgz?cache=0&sync_timestamp=1625263553376&other_urls=https%3A%2F%2Fregistry.nlark.com%2Felectron-to-chromium%2Fdownload%2Felectron-to-chromium-1.3.766.tgz",
            "integrity": "sha1-L9FKTlT3dmWHL04j/PSWjoNjgiA=",
            "dev": true
        },
        "emojis-list": {
            "version": "3.0.0",
            "resolved": "https://registry.nlark.com/emojis-list/download/emojis-list-3.0.0.tgz",
            "integrity": "sha1-VXBmIEatKeLpFucariYKvf9Pang=",
            "dev": true
        },
        "esbuild": {
            "version": "0.12.14",
            "resolved": "https://registry.nlark.com/esbuild/download/esbuild-0.12.14.tgz?cache=0&sync_timestamp=1625183314696&other_urls=https%3A%2F%2Fregistry.nlark.com%2Fesbuild%2Fdownload%2Fesbuild-0.12.14.tgz",
            "integrity": "sha1-QxV9vQs22TkkfU60kJpIhqxA+C4=",
            "dev": true
        },
        "escalade": {
            "version": "3.1.1",
            "resolved": "https://registry.npm.taobao.org/escalade/download/escalade-3.1.1.tgz?cache=0&sync_timestamp=1602567224085&other_urls=https%3A%2F%2Fregistry.npm.taobao.org%2Fescalade%2Fdownload%2Fescalade-3.1.1.tgz",
            "integrity": "sha1-2M/ccACWXFoBdLSoLqpcBVJ0LkA=",
            "dev": true
        },
        "estree-walker": {
            "version": "2.0.2",
            "resolved": "https://registry.npm.taobao.org/estree-walker/download/estree-walker-2.0.2.tgz?cache=0&sync_timestamp=1611956983677&other_urls=https%3A%2F%2Fregistry.npm.taobao.org%2Festree-walker%2Fdownload%2Festree-walker-2.0.2.tgz",
            "integrity": "sha1-UvAQF4wqTBF6d1fP6UKtt9LaTKw="
        },
        "evtd": {
            "version": "0.2.2",
            "resolved": "https://registry.nlark.com/evtd/download/evtd-0.2.2.tgz",
            "integrity": "sha1-vrvifhWu3B1cGLwmIN/JDyYHh8M="
        },
        "fraction.js": {
            "version": "4.1.1",
            "resolved": "https://registry.nlark.com/fraction.js/download/fraction.js-4.1.1.tgz?cache=0&sync_timestamp=1621848730310&other_urls=https%3A%2F%2Fregistry.nlark.com%2Ffraction.js%2Fdownload%2Ffraction.js-4.1.1.tgz",
            "integrity": "sha1-rE5SBHPa5nAS1hiquR7aCby0AP8=",
            "dev": true
        },
        "fsevents": {
            "version": "2.3.2",
            "resolved": "https://registry.npm.taobao.org/fsevents/download/fsevents-2.3.2.tgz?cache=0&sync_timestamp=1612536512306&other_urls=https%3A%2F%2Fregistry.npm.taobao.org%2Ffsevents%2Fdownload%2Ffsevents-2.3.2.tgz",
            "integrity": "sha1-ilJveLj99GI7cJ4Ll1xSwkwC/Ro=",
            "dev": true,
            "optional": true
        },
        "function-bind": {
            "version": "1.1.1",
            "resolved": "https://registry.npm.taobao.org/function-bind/download/function-bind-1.1.1.tgz",
            "integrity": "sha1-pWiZ0+o8m6uHS7l3O3xe3pL0iV0=",
            "dev": true
        },
        "generic-names": {
            "version": "2.0.1",
            "resolved": "https://registry.nlark.com/generic-names/download/generic-names-2.0.1.tgz",
            "integrity": "sha1-+KN46tLMqno08DF7BVVIMq5BuHI=",
            "dev": true,
            "requires": {
                "loader-utils": "^1.1.0"
            }
        },
        "has": {
            "version": "1.0.3",
            "resolved": "https://registry.nlark.com/has/download/has-1.0.3.tgz",
            "integrity": "sha1-ci18v8H2qoJB8W3YFOAR4fQeh5Y=",
            "dev": true,
            "requires": {
                "function-bind": "^1.1.1"
            }
        },
        "has-flag": {
            "version": "4.0.0",
            "resolved": "https://registry.npm.taobao.org/has-flag/download/has-flag-4.0.0.tgz",
            "integrity": "sha1-lEdx/ZyByBJlxNaUGGDaBrtZR5s="
        },
        "hash-sum": {
            "version": "2.0.0",
            "resolved": "https://registry.npm.taobao.org/hash-sum/download/hash-sum-2.0.0.tgz",
            "integrity": "sha1-gdAbtd6OpKIUrV1urRtSNGCwtFo=",
            "dev": true
        },
        "highlight.js": {
            "version": "11.0.1",
            "resolved": "https://registry.nlark.com/highlight.js/download/highlight.js-11.0.1.tgz?cache=0&sync_timestamp=1622801908267&other_urls=https%3A%2F%2Fregistry.nlark.com%2Fhighlight.js%2Fdownload%2Fhighlight.js-11.0.1.tgz",
            "integrity": "sha1-p4uvzNmqKXl4eZ/l7tm+t+4e+Ic="
        },
        "icss-replace-symbols": {
            "version": "1.1.0",
            "resolved": "https://registry.nlark.com/icss-replace-symbols/download/icss-replace-symbols-1.1.0.tgz",
            "integrity": "sha1-Bupvg2ead0njhs/h/oEq5dsiPe0=",
            "dev": true
        },
        "icss-utils": {
            "version": "5.1.0",
            "resolved": "https://registry.npm.taobao.org/icss-utils/download/icss-utils-5.1.0.tgz",
            "integrity": "sha1-xr5oWKvQE9do6YNmrkfiXViHsa4=",
            "dev": true
        },
        "is-core-module": {
            "version": "2.4.0",
            "resolved": "https://registry.nlark.com/is-core-module/download/is-core-module-2.4.0.tgz?cache=0&other_urls=https%3A%2F%2Fregistry.nlark.com%2Fis-core-module%2Fdownload%2Fis-core-module-2.4.0.tgz",
            "integrity": "sha1-jp/I4VAnsBFBgCbpjw5vTYYwXME=",
            "dev": true,
            "requires": {
                "has": "^1.0.3"
            }
        },
        "jest-diff": {
            "version": "26.6.2",
            "resolved": "https://registry.nlark.com/jest-diff/download/jest-diff-26.6.2.tgz?cache=0&sync_timestamp=1624900066336&other_urls=https%3A%2F%2Fregistry.nlark.com%2Fjest-diff%2Fdownload%2Fjest-diff-26.6.2.tgz",
            "integrity": "sha1-GqdGi1LDpo19XF/c381eSb0WQ5Q=",
            "requires": {
                "chalk": "^4.0.0",
                "diff-sequences": "^26.6.2",
                "jest-get-type": "^26.3.0",
                "pretty-format": "^26.6.2"
            }
        },
        "jest-get-type": {
            "version": "26.3.0",
            "resolved": "https://registry.nlark.com/jest-get-type/download/jest-get-type-26.3.0.tgz",
            "integrity": "sha1-6X3Dw/U8K0Bsp6+u1Ek7HQmRmeA="
        },
        "json5": {
            "version": "1.0.1",
            "resolved": "https://registry.npm.taobao.org/json5/download/json5-1.0.1.tgz",
            "integrity": "sha1-d5+wAYYE+oVOrL9iUhgNg1Q+Pb4=",
            "dev": true,
            "requires": {
                "minimist": "^1.2.0"
            }
        },
        "loader-utils": {
            "version": "1.4.0",
            "resolved": "https://registry.nlark.com/loader-utils/download/loader-utils-1.4.0.tgz",
            "integrity": "sha1-xXm140yzSxp07cbB+za/o3HVphM=",
            "dev": true,
            "requires": {
                "big.js": "^5.2.2",
                "emojis-list": "^3.0.0",
                "json5": "^1.0.1"
            }
        },
        "lodash": {
            "version": "4.17.21",
            "resolved": "https://registry.nlark.com/lodash/download/lodash-4.17.21.tgz",
            "integrity": "sha1-Z5WRxWTDv/quhFTPCz3zcMPWkRw="
        },
        "lodash-es": {
            "version": "4.17.21",
            "resolved": "https://registry.npm.taobao.org/lodash-es/download/lodash-es-4.17.21.tgz?cache=0&sync_timestamp=1613835893273&other_urls=https%3A%2F%2Fregistry.npm.taobao.org%2Flodash-es%2Fdownload%2Flodash-es-4.17.21.tgz",
            "integrity": "sha1-Q+YmxG5lkbd1C+srUBFzkMYJ4+4="
        },
        "lodash.camelcase": {
            "version": "4.3.0",
            "resolved": "https://registry.nlark.com/lodash.camelcase/download/lodash.camelcase-4.3.0.tgz",
            "integrity": "sha1-soqmKIorn8ZRA1x3EfZathkDMaY=",
            "dev": true
        },
        "lru-cache": {
            "version": "5.1.1",
            "resolved": "https://registry.nlark.com/lru-cache/download/lru-cache-5.1.1.tgz",
            "integrity": "sha1-HaJ+ZxAnGUdpXa9oSOhH8B2EuSA=",
            "dev": true,
            "requires": {
                "yallist": "^3.0.2"
            }
        },
        "magic-string": {
            "version": "0.25.7",
            "resolved": "https://registry.nlark.com/magic-string/download/magic-string-0.25.7.tgz?cache=0&sync_timestamp=1618847046304&other_urls=https%3A%2F%2Fregistry.nlark.com%2Fmagic-string%2Fdownload%2Fmagic-string-0.25.7.tgz",
            "integrity": "sha1-P0l9b9NMZpxnmNy4IfLvMfVEUFE=",
            "dev": true,
            "requires": {
                "sourcemap-codec": "^1.4.4"
            }
        },
        "marked": {
            "version": "3.0.3",
            "resolved": "https://registry.npmjs.org/marked/-/marked-3.0.3.tgz",
            "integrity": "sha512-4oIDhVSQ2s+xNCfek9OnZgCQR/WykGCom02JzIIvi4Pme+MIwPYqvGVW8CQWOXeoZu0TtVB6pTxIuoLm+dKqDA=="
        },
        "merge-source-map": {
            "version": "1.1.0",
            "resolved": "https://registry.nlark.com/merge-source-map/download/merge-source-map-1.1.0.tgz",
            "integrity": "sha1-L93n5gIJOfcJBqaPLXrmheTIxkY=",
            "dev": true,
            "requires": {
                "source-map": "^0.6.1"
            }
        },
        "minimist": {
            "version": "1.2.5",
            "resolved": "https://registry.nlark.com/minimist/download/minimist-1.2.5.tgz?cache=0&sync_timestamp=1618846813226&other_urls=https%3A%2F%2Fregistry.nlark.com%2Fminimist%2Fdownload%2Fminimist-1.2.5.tgz",
            "integrity": "sha1-Z9ZgFLZqaoqqDAg8X9WN9OTpdgI=",
            "dev": true
        },
        "naive-ui": {
            "version": "2.15.3",
            "resolved": "https://registry.nlark.com/naive-ui/download/naive-ui-2.15.3.tgz",
            "integrity": "sha1-f1zKbZ2nFujHi7MGnx03ljR4Z8g=",
            "requires": {
                "@css-render/plugin-bem": "^0.15.4",
                "@css-render/vue3-ssr": "^0.15.4",
                "@types/lodash": "^4.14.170",
                "@types/lodash-es": "^4.17.4",
                "async-validator": "^3.5.1",
                "css-render": "^0.15.4",
                "date-fns": "^2.19.0",
                "evtd": "^0.2.2",
                "highlight.js": "^11.0.1",
                "lodash": "^4.17.21",
                "lodash-es": "^4.17.21",
                "seemly": "^0.3.1",
                "treemate": "^0.2.11",
                "vdirs": "^0.1.4",
                "vfonts": "^0.1.0",
                "vooks": "^0.2.6",
                "vueuc": "^0.4.9"
            }
        },
        "nanoid": {
            "version": "3.1.23",
            "resolved": "https://registry.nlark.com/nanoid/download/nanoid-3.1.23.tgz",
            "integrity": "sha1-90QIbOfCvEfuCoRyV01ceOQYOoE=",
            "dev": true
        },
        "node-releases": {
            "version": "1.1.73",
            "resolved": "https://registry.nlark.com/node-releases/download/node-releases-1.1.73.tgz?cache=0&other_urls=https%3A%2F%2Fregistry.nlark.com%2Fnode-releases%2Fdownload%2Fnode-releases-1.1.73.tgz",
            "integrity": "sha1-3U6B3dUnf/hGuAtSu0DEnt96eyA=",
            "dev": true
        },
        "normalize-range": {
            "version": "0.1.2",
            "resolved": "https://registry.nlark.com/normalize-range/download/normalize-range-0.1.2.tgz",
            "integrity": "sha1-LRDAa9/TEuqXd2laTShDlFa3WUI=",
            "dev": true
        },
        "path-parse": {
            "version": "1.0.7",
            "resolved": "https://registry.nlark.com/path-parse/download/path-parse-1.0.7.tgz",
            "integrity": "sha1-+8EUtgykKzDZ2vWFjkvWi77bZzU=",
            "dev": true
        },
        "postcss": {
            "version": "8.3.5",
            "resolved": "https://registry.nlark.com/postcss/download/postcss-8.3.5.tgz",
            "integrity": "sha1-mCIWsRNBK8IKhiiekeuZSVKltwk=",
            "dev": true,
            "requires": {
                "colorette": "^1.2.2",
                "nanoid": "^3.1.23",
                "source-map-js": "^0.6.2"
            }
        },
        "postcss-modules": {
            "version": "4.1.3",
            "resolved": "https://registry.nlark.com/postcss-modules/download/postcss-modules-4.1.3.tgz",
            "integrity": "sha1-xMTEHZjZfSTHDojaz8l69aSz4h0=",
            "dev": true,
            "requires": {
                "generic-names": "^2.0.1",
                "icss-replace-symbols": "^1.1.0",
                "lodash.camelcase": "^4.3.0",
                "postcss-modules-extract-imports": "^3.0.0",
                "postcss-modules-local-by-default": "^4.0.0",
                "postcss-modules-scope": "^3.0.0",
                "postcss-modules-values": "^4.0.0",
                "string-hash": "^1.1.1"
            }
        },
        "postcss-modules-extract-imports": {
            "version": "3.0.0",
            "resolved": "https://registry.nlark.com/postcss-modules-extract-imports/download/postcss-modules-extract-imports-3.0.0.tgz",
            "integrity": "sha1-zaHwR8CugMl9vijD52pDuIAldB0=",
            "dev": true
        },
        "postcss-modules-local-by-default": {
            "version": "4.0.0",
            "resolved": "https://registry.npm.taobao.org/postcss-modules-local-by-default/download/postcss-modules-local-by-default-4.0.0.tgz?cache=0&sync_timestamp=1602587568476&other_urls=https%3A%2F%2Fregistry.npm.taobao.org%2Fpostcss-modules-local-by-default%2Fdownload%2Fpostcss-modules-local-by-default-4.0.0.tgz",
            "integrity": "sha1-67tU+uFZjuz99pGgKz/zs5ClpRw=",
            "dev": true,
            "requires": {
                "icss-utils": "^5.0.0",
                "postcss-selector-parser": "^6.0.2",
                "postcss-value-parser": "^4.1.0"
            }
        },
        "postcss-modules-scope": {
            "version": "3.0.0",
            "resolved": "https://registry.npm.taobao.org/postcss-modules-scope/download/postcss-modules-scope-3.0.0.tgz?cache=0&sync_timestamp=1602593203693&other_urls=https%3A%2F%2Fregistry.npm.taobao.org%2Fpostcss-modules-scope%2Fdownload%2Fpostcss-modules-scope-3.0.0.tgz",
            "integrity": "sha1-nvMVFFbTu/oSDKRImN/Kby+gHwY=",
            "dev": true,
            "requires": {
                "postcss-selector-parser": "^6.0.4"
            }
        },
        "postcss-modules-values": {
            "version": "4.0.0",
            "resolved": "https://registry.npm.taobao.org/postcss-modules-values/download/postcss-modules-values-4.0.0.tgz?cache=0&sync_timestamp=1602586308035&other_urls=https%3A%2F%2Fregistry.npm.taobao.org%2Fpostcss-modules-values%2Fdownload%2Fpostcss-modules-values-4.0.0.tgz",
            "integrity": "sha1-18Xn5ow7s8myfL9Iyguz/7RgLJw=",
            "dev": true,
            "requires": {
                "icss-utils": "^5.0.0"
            }
        },
        "postcss-nesting": {
            "version": "8.0.1",
            "resolved": "https://registry.nlark.com/postcss-nesting/download/postcss-nesting-8.0.1.tgz",
            "integrity": "sha1-SoqzxUCg8Tj9P10u5l5KJNGIgCQ=",
            "dev": true
        },
        "postcss-selector-parser": {
            "version": "6.0.6",
            "resolved": "https://registry.nlark.com/postcss-selector-parser/download/postcss-selector-parser-6.0.6.tgz?cache=0&sync_timestamp=1620752939806&other_urls=https%3A%2F%2Fregistry.nlark.com%2Fpostcss-selector-parser%2Fdownload%2Fpostcss-selector-parser-6.0.6.tgz",
            "integrity": "sha1-LFu6gXSsL2mBq2MaQqsO5UrzMuo=",
            "dev": true,
            "requires": {
                "cssesc": "^3.0.0",
                "util-deprecate": "^1.0.2"
            }
        },
        "postcss-value-parser": {
            "version": "4.1.0",
            "resolved": "https://registry.npm.taobao.org/postcss-value-parser/download/postcss-value-parser-4.1.0.tgz",
            "integrity": "sha1-RD9qIM7WSBor2k+oUypuVdeJoss=",
            "dev": true
        },
        "pretty-format": {
            "version": "26.6.2",
            "resolved": "https://registry.nlark.com/pretty-format/download/pretty-format-26.6.2.tgz",
            "integrity": "sha1-41wnBfFMt/4v6U+geDRbREEg/JM=",
            "requires": {
                "@jest/types": "^26.6.2",
                "ansi-regex": "^5.0.0",
                "ansi-styles": "^4.0.0",
                "react-is": "^17.0.1"
            }
        },
        "react-is": {
            "version": "17.0.2",
            "resolved": "https://registry.nlark.com/react-is/download/react-is-17.0.2.tgz?cache=0&sync_timestamp=1625242714499&other_urls=https%3A%2F%2Fregistry.nlark.com%2Freact-is%2Fdownload%2Freact-is-17.0.2.tgz",
            "integrity": "sha1-5pHUqOnHiTZWVVOas3J2Kw77VPA="
        },
        "resize-observer-polyfill": {
            "version": "1.5.1",
            "resolved": "https://registry.npm.taobao.org/resize-observer-polyfill/download/resize-observer-polyfill-1.5.1.tgz",
            "integrity": "sha1-DpAg3T0hAkRY1OvSfiPkAmmBBGQ="
        },
        "resolve": {
            "version": "1.20.0",
            "resolved": "https://registry.nlark.com/resolve/download/resolve-1.20.0.tgz",
            "integrity": "sha1-YpoBP7P3B1XW8LeTXMHCxTeLGXU=",
            "dev": true,
            "requires": {
                "is-core-module": "^2.2.0",
                "path-parse": "^1.0.6"
            }
        },
        "rollup": {
            "version": "2.52.7",
            "resolved": "https://registry.nlark.com/rollup/download/rollup-2.52.7.tgz?cache=0&sync_timestamp=1625198651694&other_urls=https%3A%2F%2Fregistry.nlark.com%2Frollup%2Fdownload%2Frollup-2.52.7.tgz",
            "integrity": "sha1-4VqL9zT25MIEt83zNSEVExAlDLI=",
            "dev": true,
            "requires": {
                "fsevents": "~2.3.2"
            }
        },
        "seemly": {
            "version": "0.3.1",
            "resolved": "https://registry.nlark.com/seemly/download/seemly-0.3.1.tgz",
            "integrity": "sha1-vLQ51+OZp8xUbKhsMdJDKMw5RMo=",
            "requires": {
                "@types/jest": "^26.0.20"
            }
        },
        "source-map": {
            "version": "0.6.1",
            "resolved": "https://registry.npm.taobao.org/source-map/download/source-map-0.6.1.tgz",
            "integrity": "sha1-dHIq8y6WFOnCh6jQu95IteLxomM="
        },
        "source-map-js": {
            "version": "0.6.2",
            "resolved": "https://registry.npm.taobao.org/source-map-js/download/source-map-js-0.6.2.tgz",
            "integrity": "sha1-C7XeYxtBz72mz7qL0FqA79/SOF4=",
            "dev": true
        },
        "sourcemap-codec": {
            "version": "1.4.8",
            "resolved": "https://registry.npm.taobao.org/sourcemap-codec/download/sourcemap-codec-1.4.8.tgz",
            "integrity": "sha1-6oBL2UhXQC5pktBaOO8a41qatMQ=",
            "dev": true
        },
        "string-hash": {
            "version": "1.1.3",
            "resolved": "https://registry.npm.taobao.org/string-hash/download/string-hash-1.1.3.tgz",
            "integrity": "sha1-6Kr8CsGFW0Zmkp7X3RJ1311sgRs=",
            "dev": true
        },
        "supports-color": {
            "version": "7.2.0",
            "resolved": "https://registry.nlark.com/supports-color/download/supports-color-7.2.0.tgz?cache=0&sync_timestamp=1622293670728&other_urls=https%3A%2F%2Fregistry.nlark.com%2Fsupports-color%2Fdownload%2Fsupports-color-7.2.0.tgz",
            "integrity": "sha1-G33NyzK4E4gBs+R4umpRyqiWSNo=",
            "requires": {
                "has-flag": "^4.0.0"
            }
        },
        "to-fast-properties": {
            "version": "2.0.0",
            "resolved": "https://registry.nlark.com/to-fast-properties/download/to-fast-properties-2.0.0.tgz?cache=0&sync_timestamp=1628418893613&other_urls=https%3A%2F%2Fregistry.nlark.com%2Fto-fast-properties%2Fdownload%2Fto-fast-properties-2.0.0.tgz",
            "integrity": "sha1-3F5pjL0HkmW8c+A3doGk5Og/YW4="
        },
        "treemate": {
            "version": "0.2.11",
            "resolved": "https://registry.nlark.com/treemate/download/treemate-0.2.11.tgz",
            "integrity": "sha1-z/o3BR5hO+qoL9P85WMA6OTYMo8="
        },
        "typo-js": {
            "version": "1.2.0",
            "resolved": "https://registry.npm.taobao.org/typo-js/download/typo-js-1.2.0.tgz",
            "integrity": "sha1-2+WN46bcu+Jgt4vykO52GwCKKOg="
        },
        "util-deprecate": {
            "version": "1.0.2",
            "resolved": "https://registry.nlark.com/util-deprecate/download/util-deprecate-1.0.2.tgz",
            "integrity": "sha1-RQ1Nyfpw3nMnYvvS1KKJgUGaDM8=",
            "dev": true
        },
        "vdirs": {
            "version": "0.1.4",
            "resolved": "https://registry.nlark.com/vdirs/download/vdirs-0.1.4.tgz",
            "integrity": "sha1-xMD/hs9H/tA95fhp4mUxHvGIq3Q=",
            "requires": {
                "@types/node": "^14.14.10",
                "evtd": "^0.2.2"
            }
        },
        "vfonts": {
            "version": "0.1.0",
            "resolved": "https://registry.nlark.com/vfonts/download/vfonts-0.1.0.tgz",
            "integrity": "sha1-wWrzfKBEsnJa5VVTBJKA775iIqk="
        },
        "vite": {
            "version": "2.4.0",
            "resolved": "https://registry.nlark.com/vite/download/vite-2.4.0.tgz?cache=0&sync_timestamp=1625483825036&other_urls=https%3A%2F%2Fregistry.nlark.com%2Fvite%2Fdownload%2Fvite-2.4.0.tgz",
            "integrity": "sha1-pZHk8smWrpoEQJP2KbQYBpYpyhY=",
            "dev": true,
            "requires": {
                "esbuild": "^0.12.8",
                "fsevents": "~2.3.2",
                "postcss": "^8.3.5",
                "resolve": "^1.20.0",
                "rollup": "^2.38.5"
            }
        },
        "vooks": {
            "version": "0.2.8",
            "resolved": "https://registry.nlark.com/vooks/download/vooks-0.2.8.tgz",
            "integrity": "sha1-+tanjHLjlEPlYoUzewhDuq7tDz4=",
            "requires": {
                "evtd": "^0.2.2"
            }
        },
        "vue": {
            "version": "3.1.4",
            "resolved": "https://registry.nlark.com/vue/download/vue-3.1.4.tgz",
            "integrity": "sha1-Eg1oGMUeqjXQh55bwc/2ATW8af0=",
            "requires": {
                "@vue/compiler-dom": "3.1.4",
                "@vue/runtime-dom": "3.1.4",
                "@vue/shared": "3.1.4"
            }
        },
        "vue-router": {
            "version": "4.0.10",
            "resolved": "https://registry.nlark.com/vue-router/download/vue-router-4.0.10.tgz",
            "integrity": "sha1-7I/aAylJsqMdMnMXD483bobrUqw=",
            "requires": {
                "@vue/devtools-api": "^6.0.0-beta.14"
            }
        },
        "vueuc": {
            "version": "0.4.9",
            "resolved": "https://registry.nlark.com/vueuc/download/vueuc-0.4.9.tgz",
            "integrity": "sha1-8/uO6F6tfZwI3w0j57KFw1Bk6fI=",
            "requires": {
                "css-render": "^0.15.3",
                "evtd": "^0.2.2",
                "resize-observer-polyfill": "^1.5.1",
                "seemly": "^0.3.1",
                "vdirs": "^0.1.4",
                "vooks": "^0.2.4"
            }
        },
        "vuex": {
            "version": "4.0.2",
            "resolved": "https://registry.nlark.com/vuex/download/vuex-4.0.2.tgz",
            "integrity": "sha1-+Jbb1b8qDpY/AMZ+m2EN50nMrMk=",
            "requires": {
                "@vue/devtools-api": "^6.0.0-beta.11"
            }
        },
        "yallist": {
            "version": "3.1.1",
            "resolved": "https://registry.npm.taobao.org/yallist/download/yallist-3.1.1.tgz",
            "integrity": "sha1-27fa+b/YusmrRev2ArjLrQ1dCP0=",
            "dev": true
        }
    }
}
